github.com/aquilax/go-perlin v1.1.0 h1:Gg+3jQ24wT4Y5GI7TCRLmYarzUG0k+n/JATFqOimb7s=
github.com/aquilax/go-perlin v1.1.0/go.mod h1:z9Rl7EM4BZY0Ikp2fEN1I5mKSOJ26HQpk0O2TBdN2HE=
github.com/aymanbagabas/go-osc52/v2 v2.0.1 h1:HwpRHbFMcZLEVr42D4p7XBqjyuxQH5SMiErDT4WkJ2k=
github.com/aymanbagabas/go-osc52/v2 v2.0.1/go.mod h1:uYgXzlJ7ZpABp8OJ+exZzJJhRNQ2ASbcXHWsFqH8hp8=
github.com/charmbracelet/colorprofile v0.3.1 h1:k8dTHMd7fgw4bnFd7jXTLZrSU/CQrKnL3m+AxCzDz40=
github.com/charmbracelet/colorprofile v0.3.1/go.mod h1:/GkGusxNs8VB/RSOh3fu0TJmQ4ICMMPApIIVn0KszZ0=
github.com/charmbracelet/lipgloss v1.1.0 h1:vYXsiLHVkK7fp74RkV7b2kq9+zDLoEU4MZoFqR/noCY=
github.com/charmbracelet/lipgloss v1.1.0/go.mod h1:/6Q8FR2o+kj8rz4Dq0zQc3vYf7X+B0binUUBwA0aL30=
github.com/charmbracelet/log v0.4.2 h1:hYt8Qj6a8yLnvR+h7MwsJv/XvmBJXiueUcI3cIxsyig=
github.com/charmbracelet/log v0.4.2/go.mod h1:qifHGX/tc7eluv2R6pWIpyHDDrrb/AG71Pf2ysQu5nw=
github.com/charmbracelet/x/ansi v0.9.3 h1:BXt5DHS/MKF+LjuK4huWrC6NCvHtexww7dMayh6GXd0=
github.com/charmbracelet/x/ansi v0.9.3/go.mod h1:3RQDQ6lDnROptfpWuUVIUG64bD2g2BgntdxH0Ya5TeE=
github.com/charmbracelet/x/cellbuf v0.0.13 h1:/KBBKHuVRbq1lYx5BzEHBAFBP8VcQzJejZ/IA3iR28k=
github.com/charmbracelet/x/cellbuf v0.0.13/go.mod h1:xe0nKWGd3eJgtqZRaN9RjMtK7xUYchjzPr7q6kcvCCs=
github.com/charmbracelet/x/input v0.3.7 h1:UzVbkt1vgM9dBQ+K+uRolBlN6IF2oLchmPKKo/aucXo=
github.com/charmbracelet/x/input v0.3.7/go.mod h1:ZSS9Cia6Cycf2T6ToKIOxeTBTDwl25AGwArJuGaOBH8=
github.com/charmbracelet/x/term v0.2.1 h1:AQeHeLZ1OqSXhrAWpYUtZyX1T3zVxfpZuEQMIQaGIAQ=
github.com/charmbracelet/x/term v0.2.1/go.mod h1:oQ4enTYFV7QN4m0i9mzHrViD7TQKvNEEkHUMCmsxdUg=
github.com/charmbracelet/x/windows v0.2.1 h1:3x7vnbpQrjpuq/4L+I4gNsG5htYoCiA5oe9hLjAij5I=
github.com/charmbracelet/x/windows v0.2.1/go.mod h1:ptZp16h40gDYqs5TSawSVW+yiLB13j4kSMA0lSCHL0M=
github.com/davecgh/go-spew v1.1.1 h1:vj9j/u1bqnvCEfJOwUhtlOARqs3+rkHYY13jYWTU97c=
github.com/davecgh/go-spew v1.1.1/go.mod h1:J7Y8YcW2NihsgmVo/mv3lAwl/skON4iLHjSsI+c5H38=
github.com/emprcl/runal v0.5.0 h1:sYHt4jmIYcI9XPBCuc9ZKTvtZJmyOI19dQyZ1TOoZno=
github.com/emprcl/runal v0.5.0/go.mod h1:1MutR7l47odvRZDPxK3/w3SmLdg/Fhq5wD5HNVXZxUw=
github.com/fogleman/gg v1.3.0 h1:/7zJX8F6AaYQc57WQCyN9cAIz+4bCJGO9B+dyW29am8=
github.com/fogleman/gg v1.3.0/go.mod h1:R/bRT+9gY/C5z7JzPU0zXsXHKM4/ayA+zqcVNZzPa1k=
github.com/go-logfmt/logfmt v0.6.0 h1:wGYYu3uicYdqXVgoYbvnkrPVXkuLM1p1ifugDMEdRi4=
github.com/go-logfmt/logfmt v0.6.0/go.mod h1:WYhtIu8zTZfxdn5+rREduYbwxfcBr/Vr6KEVveWlfTs=
github.com/golang/freetype v0.0.0-20170609003504-e2365dfdc4a0 h1:DACJavvAHhabrF08vX0COfcOBJRhZ8lUbR+ZWIs0Y5g=
github.com/golang/freetype v0.0.0-20170609003504-e2365dfdc4a0/go.mod h1:E/TSTwGwJL78qG/PmXZO1EjYhfJinVAhrmmHX6Z8B9k=
github.com/leaanthony/go-ansi-parser v1.6.1 h1:xd8bzARK3dErqkPFtoF9F3/HgN8UQk0ed1YDKpEz01A=
github.com/leaanthony/go-ansi-parser v1.6.1/go.mod h1:+vva/2y4alzVmmIEpk9QDhA7vLC5zKDTRwfZGOp3IWU=
github.com/lucasb-eyer/go-colorful v1.2.0 h1:1nnpGOrhyZZuNyfu1QjKiUICQ74+3FNCN69Aj6K7nkY=
github.com/lucasb-eyer/go-colorful v1.2.0/go.mod h1:R4dSotOR9KMtayYi1e77YzuveK+i7ruzyGqttikkLy0=
github.com/matryer/is v1.4.0 h1:sosSmIWwkYITGrxZ25ULNDeKiMNzFSr4V/eqBQP0PeE=
github.com/matryer/is v1.4.0/go.mod h1:8I/i5uYgLzgsgEloJE1U6xx5HkBQpAZvepWuujKwMRU=
github.com/mattn/go-isatty v0.0.20 h1:xfD0iDuEKnDkl03q4limB+vH+GxLEtL/jb4xVJSWWEY=
github.com/mattn/go-isatty v0.0.20/go.mod h1:W+V8PltTTMOvKvAeJH7IuucS94S2C6jfK/D7dTCTo3Y=
github.com/mattn/go-runewidth v0.0.16 h1:E5ScNMtiwvlvB5paMFdw9p4kSQzbXFikJ5SQO6TULQc=
github.com/mattn/go-runewidth v0.0.16/go.mod h1:Jdepj2loyihRzMpdS35Xk/zdY8IAYHsh153qUoGf23w=
github.com/muesli/cancelreader v0.2.2 h1:3I4Kt4BQjOR54NavqnDogx/MIoWBFa0StPA8ELUXHmA=
github.com/muesli/cancelreader v0.2.2/go.mod h1:3XuTXfFS2VjM+HTLZY9Ak0l6eUKfijIfMUZ4EgX0QYo=
github.com/muesli/termenv v0.16.0 h1:S5AlUN9dENB57rsbnkPyfdGuWIlkmzJjbFf0Tf5FWUc=
github.com/muesli/termenv v0.16.0/go.mod h1:ZRfOIKPFDYQoDFF4Olj7/QJbW60Ol/kL1pU3VfY/Cnk=
github.com/pkg/errors v0.9.1 h1:FEBLx1zS214owpjy7qsBeixbURkuhQAwrK5UwLGTwt4=
github.com/pkg/errors v0.9.1/go.mod h1:bwawxfHBFNV+L2hUp1rHADufV3IMtnDRdf1r5NINEl0=
github.com/pmezard/go-difflib v1.0.0 h1:4DBwDE0NGyQoBHbLQYPwSUPoCMWR5BEzIk/f1lZbAQM=
github.com/pmezard/go-difflib v1.0.0/go.mod h1:iKH77koFhYxTK1pcRnkKkqfTogsbg7gZNVY4sRDYZ/4=
github.com/rahji/easing v0.0.0-20250717175134-4bddc90fdfd2 h1:ulKihqKiiu6XJCtpBSCxRqgv3cA5o5ra9fy41LOUhMc=
github.com/rahji/easing v0.0.0-20250717175134-4bddc90fdfd2/go.mod h1:6+WjGWe0l03c9qI+5dFwUrgqTV8b4t9u/q8eRmtwWPc=
github.com/rahji/easing v0.1.0 h1:3dwTsQ19HuCjlwH6nu1uqF/iH039zpkSC9h9FvpJ2Vk=
github.com/rahji/easing v0.1.0/go.mod h1:6+WjGWe0l03c9qI+5dFwUrgqTV8b4t9u/q8eRmtwWPc=
github.com/rivo/uniseg v0.2.0/go.mod h1:J6wj4VEh+S6ZtnVlnTBMWIodfgj8LQOQFoIToxlJtxc=
github.com/rivo/uniseg v0.4.7 h1:WUdvkW8uEhrYfLC4ZzdpI2ztxP1I582+49Oc5Mq64VQ=
github.com/rivo/uniseg v0.4.7/go.mod h1:FN3SvrM+Zdj16jyLfmOkMNblXMcoc8DfTHruCPUcx88=
github.com/stretchr/testify v1.10.0 h1:Xv5erBjTwe/5IxqUQTdXv5kgmIvbHo3QQyRwhJsOfJA=
github.com/stretchr/testify v1.10.0/go.mod h1:r2ic/lqez/lEtzL7wO/rwa5dbSLXVDPFyf8C91i36aY=
github.com/xaviergodart/go-ansi-to-image v0.0.0-20250620163834-f2b31334a2bb h1:QP/fxPNvogcfegMkLJOTEFrlZ5uq2lJkxG3dT+B3A44=
github.com/xaviergodart/go-ansi-to-image v0.0.0-20250620163834-f2b31334a2bb/go.mod h1:lRuNUc4+uE2pSWAWrs1QsvfkmqnsHR7CDqrdF3naJKA=
github.com/xo/terminfo v0.0.0-20220910002029-abceb7e1c41e h1:JVG44RsyaB9T2KIHavMF/ppJZNG9ZpyihvCd0w101no=
github.com/xo/terminfo v0.0.0-20220910002029-abceb7e1c41e/go.mod h1:RbqR21r5mrJuqunuUZ/Dhy/avygyECGrLceyNeo4LiM=
golang.org/x/exp v0.0.0-20250711185948-6ae5c78190dc h1:TS73t7x3KarrNd5qAipmspBDS1rkMcgVG/fS1aRb4Rc=
golang.org/x/exp v0.0.0-20250711185948-6ae5c78190dc/go.mod h1:A+z0yzpGtvnG90cToK5n2tu8UJVP2XUATh+r+sfOOOc=
golang.org/x/image v0.29.0 h1:HcdsyR4Gsuys/Axh0rDEmlBmB68rW1U9BUdB3UVHsas=
golang.org/x/image v0.29.0/go.mod h1:RVJROnf3SLK8d26OW91j4FrIHGbsJ8QnbEocVTOWQDA=
golang.org/x/sys v0.6.0/go.mod h1:oPkhp1MJrh7nUepCBck5+mAzfO9JrbApNNgaTdGDITg=
golang.org/x/sys v0.34.0 h1:H5Y5sJ2L2JRdyv7ROF1he/lPdvFsd0mJHFw2ThKHxLA=
golang.org/x/sys v0.34.0/go.mod h1:BJP2sWEmIv4KK5OTEluFJCKSidICx8ciO85XgH3Ak8k=
golang.org/x/term v0.33.0 h1:NuFncQrRcaRvVmgRkvM3j/F00gWIAlcmlB8ACEKmGIg=
golang.org/x/term v0.33.0/go.mod h1:s18+ql9tYWp1IfpV9DmCtQDDSRBUjKaw9M1eAv5UeF0=
gopkg.in/yaml.v3 v3.0.1 h1:fxVm/GzAzEWqLHuvctI91KS9hhNmmWOoWu0XTYJS7CA=
gopkg.in/yaml.v3 v3.0.1/go.mod h1:K4uyk7z7BCEPqu6E+C64Yfv1cQ7kz7rIZviUmN+EgEM=
